// !$*UTF8*$!
{
	archiveVersion = 1;
	classes = {
	};
	objectVersion = 56;
	objects = {

/* Begin PBXBuildFile section */
		FEC31E372B751EB0002BE4DC /* AppDelegate.swift in Sources */ = {isa = PBXBuildFile; fileRef = FEC31E362B751EB0002BE4DC /* AppDelegate.swift */; };
		FEC31E392B751EB0002BE4DC /* SceneDelegate.swift in Sources */ = {isa = PBXBuildFile; fileRef = FEC31E382B751EB0002BE4DC /* SceneDelegate.swift */; };
		FEC31E3B2B751EB0002BE4DC /* ViewController.swift in Sources */ = {isa = PBXBuildFile; fileRef = FEC31E3A2B751EB0002BE4DC /* ViewController.swift */; };
		FEC31E3E2B751EB0002BE4DC /* Main.storyboard in Resources */ = {isa = PBXBuildFile; fileRef = FEC31E3C2B751EB0002BE4DC /* Main.storyboard */; };
		FEC31E402B751EB1002BE4DC /* Assets.scnassets in Resources */ = {isa = PBXBuildFile; fileRef = FEC31E3F2B751EB1002BE4DC /* Assets.scnassets */; };
		FEC31E432B751EB1002BE4DC /* LaunchScreen.storyboard in Resources */ = {isa = PBXBuildFile; fileRef = FEC31E412B751EB1002BE4DC /* LaunchScreen.storyboard */; };
		FEC31E4E2B751EB1002BE4DC /* ARportalTests.swift in Sources */ = {isa = PBXBuildFile; fileRef = FEC31E4D2B751EB1002BE4DC /* ARportalTests.swift */; };
		FEC31E582B751EB1002BE4DC /* ARportalUITests.swift in Sources */ = {isa = PBXBuildFile; fileRef = FEC31E572B751EB1002BE4DC /* ARportalUITests.swift */; };
		FEC31E5A2B751EB1002BE4DC /* ARportalUITestsLaunchTests.swift in Sources */ = {isa = PBXBuildFile; fileRef = FEC31E592B751EB1002BE4DC /* ARportalUITestsLaunchTests.swift */; };
		FEC31E692B76C452002BE4DC /* Portal.scnassets in Resources */ = {isa = PBXBuildFile; fileRef = FEC31E682B76C452002BE4DC /* Portal.scnassets */; };
/* End PBXBuildFile section */

/* Begin PBXContainerItemProxy section */
		FEC31E4A2B751EB1002BE4DC /* PBXContainerItemProxy */ = {
			isa = PBXContainerItemProxy;
			containerPortal = FEC31E2B2B751EB0002BE4DC /* Project object */;
			proxyType = 1;
			remoteGlobalIDString = FEC31E322B751EB0002BE4DC;
			remoteInfo = ARportal;
		};
		FEC31E542B751EB1002BE4DC /* PBXContainerItemProxy */ = {
			isa = PBXContainerItemProxy;
			containerPortal = FEC31E2B2B751EB0002BE4DC /* Project object */;
			proxyType = 1;
			remoteGlobalIDString = FEC31E322B751EB0002BE4DC;
			remoteInfo = ARportal;
		};
/* End PBXContainerItemProxy section */

/* Begin PBXFileReference section */
		FEC31E332B751EB0002BE4DC /* ARportal.app */ = {isa = PBXFileReference; explicitFileType = wrapper.application; includeInIndex = 0; path = ARportal.app; sourceTree = BUILT_PRODUCTS_DIR; };
		FEC31E362B751EB0002BE4DC /* AppDelegate.swift */ = {isa = PBXFileReference; lastKnownFileType = sourcecode.swift; path = AppDelegate.swift; sourceTree = "<group>"; };
		FEC31E382B751EB0002BE4DC /* SceneDelegate.swift */ = {isa = PBXFileReference; lastKnownFileType = sourcecode.swift; path = SceneDelegate.swift; sourceTree = "<group>"; };
		FEC31E3A2B751EB0002BE4DC /* ViewController.swift */ = {isa = PBXFileReference; lastKnownFileType = sourcecode.swift; path = ViewController.swift; sourceTree = "<group>"; };
		FEC31E3D2B751EB0002BE4DC /* Base */ = {isa = PBXFileReference; lastKnownFileType = file.storyboard; name = Base; path = Base.lproj/Main.storyboard; sourceTree = "<group>"; };
		FEC31E3F2B751EB1002BE4DC /* Assets.scnassets */ = {isa = PBXFileReference; lastKnownFileType = wrapper.scnassets; path = Assets.scnassets; sourceTree = "<group>"; };
		FEC31E422B751EB1002BE4DC /* Base */ = {isa = PBXFileReference; lastKnownFileType = file.storyboard; name = Base; path = Base.lproj/LaunchScreen.storyboard; sourceTree = "<group>"; };
		FEC31E442B751EB1002BE4DC /* Info.plist */ = {isa = PBXFileReference; lastKnownFileType = text.plist.xml; path = Info.plist; sourceTree = "<group>"; };
		FEC31E492B751EB1002BE4DC /* ARportalTests.xctest */ = {isa = PBXFileReference; explicitFileType = wrapper.cfbundle; includeInIndex = 0; path = ARportalTests.xctest; sourceTree = BUILT_PRODUCTS_DIR; };
		FEC31E4D2B751EB1002BE4DC /* ARportalTests.swift */ = {isa = PBXFileReference; lastKnownFileType = sourcecode.swift; path = ARportalTests.swift; sourceTree = "<group>"; };
		FEC31E532B751EB1002BE4DC /* ARportalUITests.xctest */ = {isa = PBXFileReference; explicitFileType = wrapper.cfbundle; includeInIndex = 0; path = ARportalUITests.xctest; sourceTree = BUILT_PRODUCTS_DIR; };
		FEC31E572B751EB1002BE4DC /* ARportalUITests.swift */ = {isa = PBXFileReference; lastKnownFileType = sourcecode.swift; path = ARportalUITests.swift; sourceTree = "<group>"; };
		FEC31E592B751EB1002BE4DC /* ARportalUITestsLaunchTests.swift */ = {isa = PBXFileReference; lastKnownFileType = sourcecode.swift; path = ARportalUITestsLaunchTests.swift; sourceTree = "<group>"; };
		FEC31E682B76C452002BE4DC /* Portal.scnassets */ = {isa = PBXFileReference; lastKnownFileType = wrapper.scnassets; path = Portal.scnassets; sourceTree = "<group>"; };
/* End PBXFileReference section */

/* Begin PBXFrameworksBuildPhase section */
		FEC31E302B751EB0002BE4DC /* Frameworks */ = {
			isa = PBXFrameworksBuildPhase;
			buildActionMask = 2147483647;
			files = (
			);
			runOnlyForDeploymentPostprocessing = 0;
		};
		FEC31E462B751EB1002BE4DC /* Frameworks */ = {
			isa = PBXFrameworksBuildPhase;
			buildActionMask = 2147483647;
			files = (
			);
			runOnlyForDeploymentPostprocessing = 0;
		};
		FEC31E502B751EB1002BE4DC /* Frameworks */ = {
			isa = PBXFrameworksBuildPhase;
			buildActionMask = 2147483647;
			files = (
			);
			runOnlyForDeploymentPostprocessing = 0;
		};
/* End PBXFrameworksBuildPhase section */

/* Begin PBXGroup section */
		FEC31E2A2B751EB0002BE4DC = {
			isa = PBXGroup;
			children = (
				FEC31E352B751EB0002BE4DC /* ARportal */,
				FEC31E4C2B751EB1002BE4DC /* ARportalTests */,
				FEC31E562B751EB1002BE4DC /* ARportalUITests */,
				FEC31E342B751EB0002BE4DC /* Products */,
			);
			sourceTree = "<group>";
		};
		FEC31E342B751EB0002BE4DC /* Products */ = {
			isa = PBXGroup;
			children = (
				FEC31E332B751EB0002BE4DC /* ARportal.app */,
				FEC31E492B751EB1002BE4DC /* ARportalTests.xctest */,
				FEC31E532B751EB1002BE4DC /* ARportalUITests.xctest */,
			);
			name = Products;
			sourceTree = "<group>";
		};
		FEC31E352B751EB0002BE4DC /* ARportal */ = {
			isa = PBXGroup;
			children = (
				FEC31E362B751EB0002BE4DC /* AppDelegate.swift */,
				FEC31E382B751EB0002BE4DC /* SceneDelegate.swift */,
				FEC31E3A2B751EB0002BE4DC /* ViewController.swift */,
				FEC31E3C2B751EB0002BE4DC /* Main.storyboard */,
				FEC31E3F2B751EB1002BE4DC /* Assets.scnassets */,
				FEC31E412B751EB1002BE4DC /* LaunchScreen.storyboard */,
				FEC31E442B751EB1002BE4DC /* Info.plist */,
				FEC31E682B76C452002BE4DC /* Portal.scnassets */,
			);
			path = ARportal;
			sourceTree = "<group>";
		};
		FEC31E4C2B751EB1002BE4DC /* ARportalTests */ = {
			isa = PBXGroup;
			children = (
				FEC31E4D2B751EB1002BE4DC /* ARportalTests.swift */,
			);
			path = ARportalTests;
			sourceTree = "<group>";
		};
		FEC31E562B751EB1002BE4DC /* ARportalUITests */ = {
			isa = PBXGroup;
			children = (
				FEC31E572B751EB1002BE4DC /* ARportalUITests.swift */,
				FEC31E592B751EB1002BE4DC /* ARportalUITestsLaunchTests.swift */,
			);
			path = ARportalUITests;
			sourceTree = "<group>";
		};
/* End PBXGroup section */

/* Begin PBXNativeTarget section */
		FEC31E322B751EB0002BE4DC /* ARportal */ = {
			isa = PBXNativeTarget;
			buildConfigurationList = FEC31E5D2B751EB1002BE4DC /* Build configuration list for PBXNativeTarget "ARportal" */;
			buildPhases = (
				FEC31E2F2B751EB0002BE4DC /* Sources */,
				FEC31E302B751EB0002BE4DC /* Frameworks */,
				FEC31E312B751EB0002BE4DC /* Resources */,
			);
			buildRules = (
			);
			dependencies = (
			);
			name = ARportal;
			productName = ARportal;
			productReference = FEC31E332B751EB0002BE4DC /* ARportal.app */;
			productType = "com.apple.product-type.application";
		};
		FEC31E482B751EB1002BE4DC /* ARportalTests */ = {
			isa = PBXNativeTarget;
			buildConfigurationList = FEC31E602B751EB1002BE4DC /* Build configuration list for PBXNativeTarget "ARportalTests" */;
			buildPhases = (
				FEC31E452B751EB1002BE4DC /* Sources */,
				FEC31E462B751EB1002BE4DC /* Frameworks */,
				FEC31E472B751EB1002BE4DC /* Resources */,
			);
			buildRules = (
			);
			dependencies = (
				FEC31E4B2B751EB1002BE4DC /* PBXTargetDependency */,
			);
			name = ARportalTests;
			productName = ARportalTests;
			productReference = FEC31E492B751EB1002BE4DC /* ARportalTests.xctest */;
			productType = "com.apple.product-type.bundle.unit-test";
		};
		FEC31E522B751EB1002BE4DC /* ARportalUITests */ = {
			isa = PBXNativeTarget;
			buildConfigurationList = FEC31E632B751EB1002BE4DC /* Build configuration list for PBXNativeTarget "ARportalUITests" */;
			buildPhases = (
				FEC31E4F2B751EB1002BE4DC /* Sources */,
				FEC31E502B751EB1002BE4DC /* Frameworks */,
				FEC31E512B751EB1002BE4DC /* Resources */,
			);
			buildRules = (
			);
			dependencies = (
				FEC31E552B751EB1002BE4DC /* PBXTargetDependency */,
			);
			name = ARportalUITests;
			productName = ARportalUITests;
			productReference = FEC31E532B751EB1002BE4DC /* ARportalUITests.xctest */;
			productType = "com.apple.product-type.bundle.ui-testing";
		};
/* End PBXNativeTarget section */

/* Begin PBXProject section */
		FEC31E2B2B751EB0002BE4DC /* Project object */ = {
			isa = PBXProject;
			attributes = {
				BuildIndependentTargetsInParallel = 1;
				LastSwiftUpdateCheck = 1520;
				LastUpgradeCheck = 1520;
				TargetAttributes = {
					FEC31E322B751EB0002BE4DC = {
						CreatedOnToolsVersion = 15.2;
					};
					FEC31E482B751EB1002BE4DC = {
						CreatedOnToolsVersion = 15.2;
						TestTargetID = FEC31E322B751EB0002BE4DC;
					};
					FEC31E522B751EB1002BE4DC = {
						CreatedOnToolsVersion = 15.2;
						TestTargetID = FEC31E322B751EB0002BE4DC;
					};
				};
			};
			buildConfigurationList = FEC31E2E2B751EB0002BE4DC /* Build configuration list for PBXProject "ARportal" */;
			compatibilityVersion = "Xcode 14.0";
			developmentRegion = en;
			hasScannedForEncodings = 0;
			knownRegions = (
				en,
				Base,
			);
			mainGroup = FEC31E2A2B751EB0002BE4DC;
			productRefGroup = FEC31E342B751EB0002BE4DC /* Products */;
			projectDirPath = "";
			projectRoot = "";
			targets = (
				FEC31E322B751EB0002BE4DC /* ARportal */,
				FEC31E482B751EB1002BE4DC /* ARportalTests */,
				FEC31E522B751EB1002BE4DC /* ARportalUITests */,
			);
		};
/* End PBXProject section */

/* Begin PBXResourcesBuildPhase section */
		FEC31E312B751EB0002BE4DC /* Resources */ = {
			isa = PBXResourcesBuildPhase;
			buildActionMask = 2147483647;
			files = (
				FEC31E692B76C452002BE4DC /* Portal.scnassets in Resources */,
				FEC31E432B751EB1002BE4DC /* LaunchScreen.storyboard in Resources */,
				FEC31E402B751EB1002BE4DC /* Assets.scnassets in Resources */,
				FEC31E3E2B751EB0002BE4DC /* Main.storyboard in Resources */,
			);
			runOnlyForDeploymentPostprocessing = 0;
		};
		FEC31E472B751EB1002BE4DC /* Resources */ = {
			isa = PBXResourcesBuildPhase;
			buildActionMask = 2147483647;
			files = (
			);
			runOnlyForDeploymentPostprocessing = 0;
		};
		FEC31E512B751EB1002BE4DC /* Resources */ = {
			isa = PBXResourcesBuildPhase;
			buildActionMask = 2147483647;
			files = (
			);
			runOnlyForDeploymentPostprocessing = 0;
		};
/* End PBXResourcesBuildPhase section */

/* Begin PBXSourcesBuildPhase section */
		FEC31E2F2B751EB0002BE4DC /* Sources */ = {
			isa = PBXSourcesBuildPhase;
			buildActionMask = 2147483647;
			files = (
				FEC31E3B2B751EB0002BE4DC /* ViewController.swift in Sources */,
				FEC31E372B751EB0002BE4DC /* AppDelegate.swift in Sources */,
				FEC31E392B751EB0002BE4DC /* SceneDelegate.swift in Sources */,
			);
			runOnlyForDeploymentPostprocessing = 0;
		};
		FEC31E452B751EB1002BE4DC /* Sources */ = {
			isa = PBXSourcesBuildPhase;
			buildActionMask = 2147483647;
			files = (
				FEC31E4E2B751EB1002BE4DC /* ARportalTests.swift in Sources */,
			);
			runOnlyForDeploymentPostprocessing = 0;
		};
		FEC31E4F2B751EB1002BE4DC /* Sources */ = {
			isa = PBXSourcesBuildPhase;
			buildActionMask = 2147483647;
			files = (
				FEC31E5A2B751EB1002BE4DC /* ARportalUITestsLaunchTests.swift in Sources */,
				FEC31E582B751EB1002BE4DC /* ARportalUITests.swift in Sources */,
			);
			runOnlyForDeploymentPostprocessing = 0;
		};
/* End PBXSourcesBuildPhase section */

/* Begin PBXTargetDependency section */
		FEC31E4B2B751EB1002BE4DC /* PBXTargetDependency */ = {
			isa = PBXTargetDependency;
			target = FEC31E322B751EB0002BE4DC /* ARportal */;
			targetProxy = FEC31E4A2B751EB1002BE4DC /* PBXContainerItemProxy */;
		};
		FEC31E552B751EB1002BE4DC /* PBXTargetDependency */ = {
			isa = PBXTargetDependency;
			target = FEC31E322B751EB0002BE4DC /* ARportal */;
			targetProxy = FEC31E542B751EB1002BE4DC /* PBXContainerItemProxy */;
		};
/* End PBXTargetDependency section */

/* Begin PBXVariantGroup section */
		FEC31E3C2B751EB0002BE4DC /* Main.storyboard */ = {
			isa = PBXVariantGroup;
			children = (
				FEC31E3D2B751EB0002BE4DC /* Base */,
			);
			name = Main.storyboard;
			sourceTree = "<group>";
		};
		FEC31E412B751EB1002BE4DC /* LaunchScreen.storyboard */ = {
			isa = PBXVariantGroup;
			children = (
				FEC31E422B751EB1002BE4DC /* Base */,
			);
			name = LaunchScreen.storyboard;
			sourceTree = "<group>";
		};
/* End PBXVariantGroup section */

/* Begin XCBuildConfiguration section */
		FEC31E5B2B751EB1002BE4DC /* Debug */ = {
			isa = XCBuildConfiguration;
			buildSettings = {
				ALWAYS_SEARCH_USER_PATHS = NO;
				ASSETCATALOG_COMPILER_GENERATE_SWIFT_ASSET_SYMBOL_EXTENSIONS = YES;
				CLANG_ANALYZER_NONNULL = YES;
				CLANG_ANALYZER_NUMBER_OBJECT_CONVERSION = YES_AGGRESSIVE;
				CLANG_CXX_LANGUAGE_STANDARD = "gnu++20";
				CLANG_ENABLE_MODULES = YES;
				CLANG_ENABLE_OBJC_ARC = YES;
				CLANG_ENABLE_OBJC_WEAK = YES;
				CLANG_WARN_BLOCK_CAPTURE_AUTORELEASING = YES;
				CLANG_WARN_BOOL_CONVERSION = YES;
				CLANG_WARN_COMMA = YES;
				CLANG_WARN_CONSTANT_CONVERSION = YES;
				CLANG_WARN_DEPRECATED_OBJC_IMPLEMENTATIONS = YES;
				CLANG_WARN_DIRECT_OBJC_ISA_USAGE = YES_ERROR;
				CLANG_WARN_DOCUMENTATION_COMMENTS = YES;
				CLANG_WARN_EMPTY_BODY = YES;
				CLANG_WARN_ENUM_CONVERSION = YES;
				CLANG_WARN_INFINITE_RECURSION = YES;
				CLANG_WARN_INT_CONVERSION = YES;
				CLANG_WARN_NON_LITERAL_NULL_CONVERSION = YES;
				CLANG_WARN_OBJC_IMPLICIT_RETAIN_SELF = YES;
				CLANG_WARN_OBJC_LITERAL_CONVERSION = YES;
				CLANG_WARN_OBJC_ROOT_CLASS = YES_ERROR;
				CLANG_WARN_QUOTED_INCLUDE_IN_FRAMEWORK_HEADER = YES;
				CLANG_WARN_RANGE_LOOP_ANALYSIS = YES;
				CLANG_WARN_STRICT_PROTOTYPES = YES;
				CLANG_WARN_SUSPICIOUS_MOVE = YES;
				CLANG_WARN_UNGUARDED_AVAILABILITY = YES_AGGRESSIVE;
				CLANG_WARN_UNREACHABLE_CODE = YES;
				CLANG_WARN__DUPLICATE_METHOD_MATCH = YES;
				COPY_PHASE_STRIP = NO;
				DEBUG_INFORMATION_FORMAT = dwarf;
				ENABLE_STRICT_OBJC_MSGSEND = YES;
				ENABLE_TESTABILITY = YES;
				ENABLE_USER_SCRIPT_SANDBOXING = YES;
				GCC_C_LANGUAGE_STANDARD = gnu17;
				GCC_DYNAMIC_NO_PIC = NO;
				GCC_NO_COMMON_BLOCKS = YES;
				GCC_OPTIMIZATION_LEVEL = 0;
				GCC_PREPROCESSOR_DEFINITIONS = (
					"DEBUG=1",
					"$(inherited)",
				);
				GCC_WARN_64_TO_32_BIT_CONVERSION = YES;
				GCC_WARN_ABOUT_RETURN_TYPE = YES_ERROR;
				GCC_WARN_UNDECLARED_SELECTOR = YES;
				GCC_WARN_UNINITIALIZED_AUTOS = YES_AGGRESSIVE;
				GCC_WARN_UNUSED_FUNCTION = YES;
				GCC_WARN_UNUSED_VARIABLE = YES;
				IPHONEOS_DEPLOYMENT_TARGET = 17.2;
				LOCALIZATION_PREFERS_STRING_CATALOGS = YES;
				MTL_ENABLE_DEBUG_INFO = INCLUDE_SOURCE;
				MTL_FAST_MATH = YES;
				ONLY_ACTIVE_ARCH = YES;
				SDKROOT = iphoneos;
				SWIFT_ACTIVE_COMPILATION_CONDITIONS = "DEBUG $(inherited)";
				SWIFT_OPTIMIZATION_LEVEL = "-Onone";
			};
			name = Debug;
		};
		FEC31E5C2B751EB1002BE4DC /* Release */ = {
			isa = XCBuildConfiguration;
			buildSettings = {
				ALWAYS_SEARCH_USER_PATHS = NO;
				ASSETCATALOG_COMPILER_GENERATE_SWIFT_ASSET_SYMBOL_EXTENSIONS = YES;
				CLANG_ANALYZER_NONNULL = YES;
				CLANG_ANALYZER_NUMBER_OBJECT_CONVERSION = YES_AGGRESSIVE;
				CLANG_CXX_LANGUAGE_STANDARD = "gnu++20";
				CLANG_ENABLE_MODULES = YES;
				CLANG_ENABLE_OBJC_ARC = YES;
				CLANG_ENABLE_OBJC_WEAK = YES;
				CLANG_WARN_BLOCK_CAPTURE_AUTORELEASING = YES;
				CLANG_WARN_BOOL_CONVERSION = YES;
				CLANG_WARN_COMMA = YES;
				CLANG_WARN_CONSTANT_CONVERSION = YES;
				CLANG_WARN_DEPRECATED_OBJC_IMPLEMENTATIONS = YES;
				CLANG_WARN_DIRECT_OBJC_ISA_USAGE = YES_ERROR;
				CLANG_WARN_DOCUMENTATION_COMMENTS = YES;
				CLANG_WARN_EMPTY_BODY = YES;
				CLANG_WARN_ENUM_CONVERSION = YES;
				CLANG_WARN_INFINITE_RECURSION = YES;
				CLANG_WARN_INT_CONVERSION = YES;
				CLANG_WARN_NON_LITERAL_NULL_CONVERSION = YES;
				CLANG_WARN_OBJC_IMPLICIT_RETAIN_SELF = YES;
				CLANG_WARN_OBJC_LITERAL_CONVERSION = YES;
				CLANG_WARN_OBJC_ROOT_CLASS = YES_ERROR;
				CLANG_WARN_QUOTED_INCLUDE_IN_FRAMEWORK_HEADER = YES;
				CLANG_WARN_RANGE_LOOP_ANALYSIS = YES;
				CLANG_WARN_STRICT_PROTOTYPES = YES;
				CLANG_WARN_SUSPICIOUS_MOVE = YES;
				CLANG_WARN_UNGUARDED_AVAILABILITY = YES_AGGRESSIVE;
				CLANG_WARN_UNREACHABLE_CODE = YES;
				CLANG_WARN__DUPLICATE_METHOD_MATCH = YES;
				COPY_PHASE_STRIP = NO;
				DEBUG_INFORMATION_FORMAT = "dwarf-with-dsym";
				ENABLE_NS_ASSERTIONS = NO;
				ENABLE_STRICT_OBJC_MSGSEND = YES;
				ENABLE_USER_SCRIPT_SANDBOXING = YES;
				GCC_C_LANGUAGE_STANDARD = gnu17;
				GCC_NO_COMMON_BLOCKS = YES;
				GCC_WARN_64_TO_32_BIT_CONVERSION = YES;
				GCC_WARN_ABOUT_RETURN_TYPE = YES_ERROR;
				GCC_WARN_UNDECLARED_SELECTOR = YES;
				GCC_WARN_UNINITIALIZED_AUTOS = YES_AGGRESSIVE;
				GCC_WARN_UNUSED_FUNCTION = YES;
				GCC_WARN_UNUSED_VARIABLE = YES;
				IPHONEOS_DEPLOYMENT_TARGET = 17.2;
				LOCALIZATION_PREFERS_STRING_CATALOGS = YES;
				MTL_ENABLE_DEBUG_INFO = NO;
				MTL_FAST_MATH = YES;
				SDKROOT = iphoneos;
				SWIFT_COMPILATION_MODE = wholemodule;
				VALIDATE_PRODUCT = YES;
			};
			name = Release;
		};
		FEC31E5E2B751EB1002BE4DC /* Debug */ = {
			isa = XCBuildConfiguration;
			buildSettings = {
				ASSETCATALOG_COMPILER_APPICON_NAME = AppIcon;
				ASSETCATALOG_COMPILER_GLOBAL_ACCENT_COLOR_NAME = AccentColor;
				CODE_SIGN_STYLE = Automatic;
				CURRENT_PROJECT_VERSION = 1;
				DEVELOPMENT_TEAM = MQFL6V4U56;
				GENERATE_INFOPLIST_FILE = YES;
				INFOPLIST_FILE = ARportal/Info.plist;
				INFOPLIST_KEY_UIApplicationSupportsIndirectInputEvents = YES;
				INFOPLIST_KEY_UILaunchStoryboardName = LaunchScreen;
				INFOPLIST_KEY_UIMainStoryboardFile = Main;
				INFOPLIST_KEY_UISupportedInterfaceOrientations_iPad = "UIInterfaceOrientationPortrait UIInterfaceOrientationPortraitUpsideDown UIInterfaceOrientationLandscapeLeft UIInterfaceOrientationLandscapeRight";
				INFOPLIST_KEY_UISupportedInterfaceOrientations_iPhone = "UIInterfaceOrientationPortrait UIInterfaceOrientationLandscapeLeft UIInterfaceOrientationLandscapeRight";
				LD_RUNPATH_SEARCH_PATHS = (
					"$(inherited)",
					"@executable_path/Frameworks",
				);
				MARKETING_VERSION = 1.0;
				PRODUCT_BUNDLE_IDENTIFIER = com.XtaticThought.Test.ARportal;
				PRODUCT_NAME = "$(TARGET_NAME)";
				SWIFT_EMIT_LOC_STRINGS = YES;
				SWIFT_VERSION = 5.0;
				TARGETED_DEVICE_FAMILY = "1,2";
			};
			name = Debug;
		};
		FEC31E5F2B751EB1002BE4DC /* Release */ = {
			isa = XCBuildConfiguration;
			buildSettings = {
				ASSETCATALOG_COMPILER_APPICON_NAME = AppIcon;
				ASSETCATALOG_COMPILER_GLOBAL_ACCENT_COLOR_NAME = AccentColor;
				CODE_SIGN_STYLE = Automatic;
				CURRENT_PROJECT_VERSION = 1;
				DEVELOPMENT_TEAM = MQFL6V4U56;
				GENERATE_INFOPLIST_FILE = YES;
				INFOPLIST_FILE = ARportal/Info.plist;
				INFOPLIST_KEY_UIApplicationSupportsIndirectInputEvents = YES;
				INFOPLIST_KEY_UILaunchStoryboardName = LaunchScreen;
				INFOPLIST_KEY_UIMainStoryboardFile = Main;
				INFOPLIST_KEY_UISupportedInterfaceOrientations_iPad = "UIInterfaceOrientationPortrait UIInterfaceOrientationPortraitUpsideDown UIInterfaceOrientationLandscapeLeft UIInterfaceOrientationLandscapeRight";
				INFOPLIST_KEY_UISupportedInterfaceOrientations_iPhone = "UIInterfaceOrientationPortrait UIInterfaceOrientationLandscapeLeft UIInterfaceOrientationLandscapeRight";
				LD_RUNPATH_SEARCH_PATHS = (
					"$(inherited)",
					"@executable_path/Frameworks",
				);
				MARKETING_VERSION = 1.0;
				PRODUCT_BUNDLE_IDENTIFIER = com.XtaticThought.Test.ARportal;
				PRODUCT_NAME = "$(TARGET_NAME)";
				SWIFT_EMIT_LOC_STRINGS = YES;
				SWIFT_VERSION = 5.0;
				TARGETED_DEVICE_FAMILY = "1,2";
			};
			name = Release;
		};
		FEC31E612B751EB1002BE4DC /* Debug */ = {
			isa = XCBuildConfiguration;
			buildSettings = {
				ALWAYS_EMBED_SWIFT_STANDARD_LIBRARIES = YES;
				BUNDLE_LOADER = "$(TEST_HOST)";
				CODE_SIGN_STYLE = Automatic;
				CURRENT_PROJECT_VERSION = 1;
				DEVELOPMENT_TEAM = MQFL6V4U56;
				GENERATE_INFOPLIST_FILE = YES;
				IPHONEOS_DEPLOYMENT_TARGET = 17.2;
				MARKETING_VERSION = 1.0;
				PRODUCT_BUNDLE_IDENTIFIER = com.XtaticThought.Test.ARportalTests;
				PRODUCT_NAME = "$(TARGET_NAME)";
				SWIFT_EMIT_LOC_STRINGS = NO;
				SWIFT_VERSION = 5.0;
				TARGETED_DEVICE_FAMILY = "1,2";
				TEST_HOST = "$(BUILT_PRODUCTS_DIR)/ARportal.app/$(BUNDLE_EXECUTABLE_FOLDER_PATH)/ARportal";
			};
			name = Debug;
		};
		FEC31E622B751EB1002BE4DC /* Release */ = {
			isa = XCBuildConfiguration;
			buildSettings = {
				ALWAYS_EMBED_SWIFT_STANDARD_LIBRARIES = YES;
				BUNDLE_LOADER = "$(TEST_HOST)";
				CODE_SIGN_STYLE = Automatic;
				CURRENT_PROJECT_VERSION = 1;
				DEVELOPMENT_TEAM = MQFL6V4U56;
				GENERATE_INFOPLIST_FILE = YES;
				IPHONEOS_DEPLOYMENT_TARGET = 17.2;
				MARKETING_VERSION = 1.0;
				PRODUCT_BUNDLE_IDENTIFIER = com.XtaticThought.Test.ARportalTests;
				PRODUCT_NAME = "$(TARGET_NAME)";
				SWIFT_EMIT_LOC_STRINGS = NO;
				SWIFT_VERSION = 5.0;
				TARGETED_DEVICE_FAMILY = "1,2";
				TEST_HOST = "$(BUILT_PRODUCTS_DIR)/ARportal.app/$(BUNDLE_EXECUTABLE_FOLDER_PATH)/ARportal";
			};
			name = Release;
		};
		FEC31E642B751EB1002BE4DC /* Debug */ = {
			isa = XCBuildConfiguration;
			buildSettings = {
				ALWAYS_EMBED_SWIFT_STANDARD_LIBRARIES = YES;
				CODE_SIGN_STYLE = Automatic;
				CURRENT_PROJECT_VERSION = 1;
				DEVELOPMENT_TEAM = MQFL6V4U56;
				GENERATE_INFOPLIST_FILE = YES;
				MARKETING_VERSION = 1.0;
				PRODUCT_BUNDLE_IDENTIFIER = com.XtaticThought.Test.ARportalUITests;
				PRODUCT_NAME = "$(TARGET_NAME)";
				SWIFT_EMIT_LOC_STRINGS = NO;
				SWIFT_VERSION = 5.0;
				TARGETED_DEVICE_FAMILY = "1,2";
				TEST_TARGET_NAME = ARportal;
			};
			name = Debug;
		};
		FEC31E652B751EB1002BE4DC /* Release */ = {
			isa = XCBuildConfiguration;
			buildSettings = {
				ALWAYS_EMBED_SWIFT_STANDARD_LIBRARIES = YES;
				CODE_SIGN_STYLE = Automatic;
				CURRENT_PROJECT_VERSION = 1;
				DEVELOPMENT_TEAM = MQFL6V4U56;
				GENERATE_INFOPLIST_FILE = YES;
				MARKETING_VERSION = 1.0;
				PRODUCT_BUNDLE_IDENTIFIER = com.XtaticThought.Test.ARportalUITests;
				PRODUCT_NAME = "$(TARGET_NAME)";
				SWIFT_EMIT_LOC_STRINGS = NO;
				SWIFT_VERSION = 5.0;
				TARGETED_DEVICE_FAMILY = "1,2";
				TEST_TARGET_NAME = ARportal;
			};
			name = Release;
		};
/* End XCBuildConfiguration section */

/* Begin XCConfigurationList section */
		FEC31E2E2B751EB0002BE4DC /* Build configuration list for PBXProject "ARportal" */ = {
			isa = XCConfigurationList;
			buildConfigurations = (
				FEC31E5B2B751EB1002BE4DC /* Debug */,
				FEC31E5C2B751EB1002BE4DC /* Release */,
			);
			defaultConfigurationIsVisible = 0;
			defaultConfigurationName = Release;
		};
		FEC31E5D2B751EB1002BE4DC /* Build configuration list for PBXNativeTarget "ARportal" */ = {
			isa = XCConfigurationList;
			buildConfigurations = (
				FEC31E5E2B751EB1002BE4DC /* Debug */,
				FEC31E5F2B751EB1002BE4DC /* Release */,
			);
			defaultConfigurationIsVisible = 0;
			defaultConfigurationName = Release;
		};
		FEC31E602B751EB1002BE4DC /* Build configuration list for PBXNativeTarget "ARportalTests" */ = {
			isa = XCConfigurationList;
			buildConfigurations = (
				FEC31E612B751EB1002BE4DC /* Debug */,
				FEC31E622B751EB1002BE4DC /* Release */,
			);
			defaultConfigurationIsVisible = 0;
			defaultConfigurationName = Release;
		};
		FEC31E632B751EB1002BE4DC /* Build configuration list for PBXNativeTarget "ARportalUITests" */ = {
			isa = XCConfigurationList;
			buildConfigurations = (
				FEC31E642B751EB1002BE4DC /* Debug */,
				FEC31E652B751EB1002BE4DC /* Release */,
			);
			defaultConfigurationIsVisible = 0;
			defaultConfigurationName = Release;
		};
/* End XCConfigurationList section */
	};
	rootObject = FEC31E2B2B751EB0002BE4DC /* Project object */;
}
